
Microsoft Visual Studio Solution File, Format Version 12.00
# Visual Studio Version 17
VisualStudioVersion = 17.0.31903.59
MinimumVisualStudioVersion = 10.0.40219.1
Project("{2150E333-8FDC-42A3-9474-1A3956D46DE8}") = "Clients", "Clients", "{11DAF3C4-345B-4961-8FEF-C2478B62DA41}"
EndProject
Project("{FAE04EC0-301F-11D3-BF4B-00C04F79EFBC}") = "Clients", "src\Clients\Clients.csproj", "{4973B5D3-67CE-47CC-A0C7-55EC268A2268}"
EndProject
Project("{2150E333-8FDC-42A3-9474-1A3956D46DE8}") = "src", "src", "{97D741A1-DEFC-4241-99BC-7123A2D981E4}"
	ProjectSection(SolutionItems) = preProject
		src\Directory.Build.props = src\Directory.Build.props
		src\Directory.Build.targets = src\Directory.Build.targets
		src\Directory.Packages.props = src\Directory.Packages.props
		src\Packages.props = src\Packages.props
	EndProjectSection
EndProject
Project("{2150E333-8FDC-42A3-9474-1A3956D46DE8}") = "solution items", "solution items", "{01301B5F-71C0-476B-BC8F-C25F1B6E2A46}"
	ProjectSection(SolutionItems) = preProject
		.csharpierrc.yaml = .csharpierrc.yaml
		.gitattributes = .gitattributes
		.gitignore = .gitignore
		docker-compose.yml = docker-compose.yml
		global.json = global.json
		README.md = README.md
		.editorconfig = .editorconfig
		version.json = version.json
	EndProjectSection
EndProject
Project("{2150E333-8FDC-42A3-9474-1A3956D46DE8}") = "BuildingBlocks", "BuildingBlocks", "{5A9D49CF-CECC-48B4-BE93-CB907CA4455A}"
EndProject
Project("{FAE04EC0-301F-11D3-BF4B-00C04F79EFBC}") = "BuildingBlocks", "src\BuildingBlocks\BuildingBlocks.csproj", "{70C8FD32-522B-476E-8072-FB9421B5D710}"
EndProject
Project("{2150E333-8FDC-42A3-9474-1A3956D46DE8}") = "scripts", "scripts", "{0A4FAEA9-4557-415E-AEDB-94C1832A7ADE}"
	ProjectSection(SolutionItems) = preProject
		scripts\install_tree_sitter.sh = scripts\install_tree_sitter.sh
		scripts\generate_tree_sitter_bindings.sh = scripts\generate_tree_sitter_bindings.sh
		scripts\ci_install_tree_sitter.sh = scripts\ci_install_tree_sitter.sh
	EndProjectSection
EndProject
Project("{2150E333-8FDC-42A3-9474-1A3956D46DE8}") = "TreeSitter.Bindings", "TreeSitter.Bindings", "{E295F56D-BF6F-4725-96E5-617DED7E0E21}"
EndProject
Project("{FAE04EC0-301F-11D3-BF4B-00C04F79EFBC}") = "TreeSitter.Bindings", "src\TreeSitter.Bindings\TreeSitter.Bindings.csproj", "{98525E13-4C8A-483D-A7AE-7323E9BA5CEA}"
EndProject
Project("{2150E333-8FDC-42A3-9474-1A3956D46DE8}") = "tree-sitter-generators", "tree-sitter-generators", "{BB0678E4-DD42-4A8C-9F31-26EC955967D3}"
	ProjectSection(SolutionItems) = preProject
		tree-sitter\TreeSitterGenerator.rsp = tree-sitter\TreeSitterGenerator.rsp
		tree-sitter\grammars\CsharpTreeSitterGenerator.rsp = tree-sitter\grammars\CsharpTreeSitterGenerator.rsp
		tree-sitter\grammars\GoTreeSitterGenerator.rsp = tree-sitter\grammars\GoTreeSitterGenerator.rsp
		tree-sitter\grammars\JavascriptTreeSitterGenerator.rsp = tree-sitter\grammars\JavascriptTreeSitterGenerator.rsp
		tree-sitter\grammars\JavaTreeSitterGenerator.rsp = tree-sitter\grammars\JavaTreeSitterGenerator.rsp
		tree-sitter\grammars\PythonTreeSitterGenerator.rsp = tree-sitter\grammars\PythonTreeSitterGenerator.rsp
		tree-sitter\grammars\TypescriptTreeSitterGenerator.rsp = tree-sitter\grammars\TypescriptTreeSitterGenerator.rsp
	EndProjectSection
EndProject
Project("{2150E333-8FDC-42A3-9474-1A3956D46DE8}") = "tests", "tests", "{7BC2BC67-2994-4A8A-94CC-974C7CFB7D32}"
	ProjectSection(SolutionItems) = preProject
		tests\Directory.Build.props = tests\Directory.Build.props
		tests\Directory.Build.targets = tests\Directory.Build.targets
		tests\Directory.Packages.props = tests\Directory.Packages.props
		tests\Packages.props = tests\Packages.props
	EndProjectSection
EndProject
Project("{2150E333-8FDC-42A3-9474-1A3956D46DE8}") = "UnitTests", "UnitTests", "{CF49F264-D5C4-4A9F-BF9C-8706559CFC53}"
EndProject
Project("{2150E333-8FDC-42A3-9474-1A3956D46DE8}") = "IntegrationTests", "IntegrationTests", "{D7123F7A-8B09-4A1B-AD28-67C7915F88A3}"
EndProject
Project("{2150E333-8FDC-42A3-9474-1A3956D46DE8}") = ".github", ".github", "{6456834B-EA6C-48EA-9434-A4185D70F65F}"
	ProjectSection(SolutionItems) = preProject
		.github\release-drafter.yml = .github\release-drafter.yml
	EndProjectSection
EndProject
Project("{2150E333-8FDC-42A3-9474-1A3956D46DE8}") = "workflows", "workflows", "{FA8BD80F-036B-4D0C-BE2D-62EA5FAF9C8C}"
	ProjectSection(SolutionItems) = preProject
		.github\workflows\build-test.yml = .github\workflows\build-test.yml
		.github\workflows\labeler.yml = .github\workflows\labeler.yml
		.github\workflows\publish.yml = .github\workflows\publish.yml
		.github\workflows\release-drafter.yml = .github\workflows\release-drafter.yml
	EndProjectSection
EndProject
Project("{2150E333-8FDC-42A3-9474-1A3956D46DE8}") = "AIAssist", "AIAssist", "{4FAC7598-86FC-495F-B310-C641F424A904}"
EndProject
Project("{FAE04EC0-301F-11D3-BF4B-00C04F79EFBC}") = "AIAssist", "src\AIAssist\AIAssist.csproj", "{A4801AE4-5836-47CF-8AA4-DF99918BE2CC}"
EndProject
Project("{FAE04EC0-301F-11D3-BF4B-00C04F79EFBC}") = "BuildingBlocks.UnitTests", "tests\UnitTests\BuildingBlocks.UnitTests\BuildingBlocks.UnitTests.csproj", "{496F9F39-89E5-4F9F-9DF4-8D5A86236C1D}"
EndProject
Global
	GlobalSection(SolutionConfigurationPlatforms) = preSolution
		Debug|Any CPU = Debug|Any CPU
		Release|Any CPU = Release|Any CPU
	EndGlobalSection
	GlobalSection(SolutionProperties) = preSolution
		HideSolutionNode = FALSE
	EndGlobalSection
	GlobalSection(NestedProjects) = preSolution
		{4973B5D3-67CE-47CC-A0C7-55EC268A2268} = {11DAF3C4-345B-4961-8FEF-C2478B62DA41}
		{11DAF3C4-345B-4961-8FEF-C2478B62DA41} = {97D741A1-DEFC-4241-99BC-7123A2D981E4}
		{5A9D49CF-CECC-48B4-BE93-CB907CA4455A} = {97D741A1-DEFC-4241-99BC-7123A2D981E4}
		{70C8FD32-522B-476E-8072-FB9421B5D710} = {5A9D49CF-CECC-48B4-BE93-CB907CA4455A}
		{0A4FAEA9-4557-415E-AEDB-94C1832A7ADE} = {01301B5F-71C0-476B-BC8F-C25F1B6E2A46}
		{E295F56D-BF6F-4725-96E5-617DED7E0E21} = {97D741A1-DEFC-4241-99BC-7123A2D981E4}
		{98525E13-4C8A-483D-A7AE-7323E9BA5CEA} = {E295F56D-BF6F-4725-96E5-617DED7E0E21}
		{BB0678E4-DD42-4A8C-9F31-26EC955967D3} = {01301B5F-71C0-476B-BC8F-C25F1B6E2A46}
		{CF49F264-D5C4-4A9F-BF9C-8706559CFC53} = {7BC2BC67-2994-4A8A-94CC-974C7CFB7D32}
		{D7123F7A-8B09-4A1B-AD28-67C7915F88A3} = {7BC2BC67-2994-4A8A-94CC-974C7CFB7D32}
		{6456834B-EA6C-48EA-9434-A4185D70F65F} = {01301B5F-71C0-476B-BC8F-C25F1B6E2A46}
		{FA8BD80F-036B-4D0C-BE2D-62EA5FAF9C8C} = {6456834B-EA6C-48EA-9434-A4185D70F65F}
		{4FAC7598-86FC-495F-B310-C641F424A904} = {97D741A1-DEFC-4241-99BC-7123A2D981E4}
		{A4801AE4-5836-47CF-8AA4-DF99918BE2CC} = {4FAC7598-86FC-495F-B310-C641F424A904}
		{496F9F39-89E5-4F9F-9DF4-8D5A86236C1D} = {CF49F264-D5C4-4A9F-BF9C-8706559CFC53}
	EndGlobalSection
	GlobalSection(ProjectConfigurationPlatforms) = postSolution
		{4973B5D3-67CE-47CC-A0C7-55EC268A2268}.Debug|Any CPU.ActiveCfg = Debug|Any CPU
		{4973B5D3-67CE-47CC-A0C7-55EC268A2268}.Debug|Any CPU.Build.0 = Debug|Any CPU
		{4973B5D3-67CE-47CC-A0C7-55EC268A2268}.Release|Any CPU.ActiveCfg = Release|Any CPU
		{4973B5D3-67CE-47CC-A0C7-55EC268A2268}.Release|Any CPU.Build.0 = Release|Any CPU
		{70C8FD32-522B-476E-8072-FB9421B5D710}.Debug|Any CPU.ActiveCfg = Debug|Any CPU
		{70C8FD32-522B-476E-8072-FB9421B5D710}.Debug|Any CPU.Build.0 = Debug|Any CPU
		{70C8FD32-522B-476E-8072-FB9421B5D710}.Release|Any CPU.ActiveCfg = Release|Any CPU
		{70C8FD32-522B-476E-8072-FB9421B5D710}.Release|Any CPU.Build.0 = Release|Any CPU
		{98525E13-4C8A-483D-A7AE-7323E9BA5CEA}.Debug|Any CPU.ActiveCfg = Debug|Any CPU
		{98525E13-4C8A-483D-A7AE-7323E9BA5CEA}.Debug|Any CPU.Build.0 = Debug|Any CPU
		{98525E13-4C8A-483D-A7AE-7323E9BA5CEA}.Release|Any CPU.ActiveCfg = Release|Any CPU
		{98525E13-4C8A-483D-A7AE-7323E9BA5CEA}.Release|Any CPU.Build.0 = Release|Any CPU
		{A4801AE4-5836-47CF-8AA4-DF99918BE2CC}.Debug|Any CPU.ActiveCfg = Debug|Any CPU
		{A4801AE4-5836-47CF-8AA4-DF99918BE2CC}.Debug|Any CPU.Build.0 = Debug|Any CPU
		{A4801AE4-5836-47CF-8AA4-DF99918BE2CC}.Release|Any CPU.ActiveCfg = Release|Any CPU
		{A4801AE4-5836-47CF-8AA4-DF99918BE2CC}.Release|Any CPU.Build.0 = Release|Any CPU
		{496F9F39-89E5-4F9F-9DF4-8D5A86236C1D}.Debug|Any CPU.ActiveCfg = Debug|Any CPU
		{496F9F39-89E5-4F9F-9DF4-8D5A86236C1D}.Debug|Any CPU.Build.0 = Debug|Any CPU
		{496F9F39-89E5-4F9F-9DF4-8D5A86236C1D}.Release|Any CPU.ActiveCfg = Release|Any CPU
		{496F9F39-89E5-4F9F-9DF4-8D5A86236C1D}.Release|Any CPU.Build.0 = Release|Any CPU
	EndGlobalSection
EndGlobal
