
Microsoft Visual Studio Solution File, Format Version 12.00
# Visual Studio Version 17
VisualStudioVersion = 17.5.002.0
MinimumVisualStudioVersion = 10.0.40219.1
Project("{9A19103F-16F7-4668-BE54-9A1E7A4F7556}") = "AIAssistant", "AIAssistant.csproj", "{A3D7EDB7-E711-4A19-8A1B-2C30EC27FEF3}"
EndProject
Project("{2150E333-8FDC-42A3-9474-1A3956D46DE8}") = "bin", "bin", "{8BF6246B-F228-4C8F-8232-E4C20FDD40A9}"
EndProject
Project("{2150E333-8FDC-42A3-9474-1A3956D46DE8}") = "Debug", "Debug", "{54EE5F2E-143B-4156-8C60-B51510AC5F0C}"
EndProject
Project("{2150E333-8FDC-42A3-9474-1A3956D46DE8}") = "net8.0", "net8.0", "{89EB6325-C4B8-4EA7-B02E-7E7FA4149086}"
EndProject
Project("{9A19103F-16F7-4668-BE54-9A1E7A4F7556}") = "Calculator", "bin\Debug\net8.0\Calculator\Calculator.csproj", "{2FA0CC8D-539A-4666-AC12-1DA249DFAF3E}"
EndProject
Global
	GlobalSection(SolutionConfigurationPlatforms) = preSolution
		Debug|Any CPU = Debug|Any CPU
		Release|Any CPU = Release|Any CPU
	EndGlobalSection
	GlobalSection(ProjectConfigurationPlatforms) = postSolution
		{A3D7EDB7-E711-4A19-8A1B-2C30EC27FEF3}.Debug|Any CPU.ActiveCfg = Debug|Any CPU
		{A3D7EDB7-E711-4A19-8A1B-2C30EC27FEF3}.Debug|Any CPU.Build.0 = Debug|Any CPU
		{A3D7EDB7-E711-4A19-8A1B-2C30EC27FEF3}.Release|Any CPU.ActiveCfg = Release|Any CPU
		{A3D7EDB7-E711-4A19-8A1B-2C30EC27FEF3}.Release|Any CPU.Build.0 = Release|Any CPU
		{2FA0CC8D-539A-4666-AC12-1DA249DFAF3E}.Debug|Any CPU.ActiveCfg = Debug|Any CPU
		{2FA0CC8D-539A-4666-AC12-1DA249DFAF3E}.Debug|Any CPU.Build.0 = Debug|Any CPU
		{2FA0CC8D-539A-4666-AC12-1DA249DFAF3E}.Release|Any CPU.ActiveCfg = Release|Any CPU
		{2FA0CC8D-539A-4666-AC12-1DA249DFAF3E}.Release|Any CPU.Build.0 = Release|Any CPU
	EndGlobalSection
	GlobalSection(SolutionProperties) = preSolution
		HideSolutionNode = FALSE
	EndGlobalSection
	GlobalSection(NestedProjects) = preSolution
		{54EE5F2E-143B-4156-8C60-B51510AC5F0C} = {8BF6246B-F228-4C8F-8232-E4C20FDD40A9}
		{89EB6325-C4B8-4EA7-B02E-7E7FA4149086} = {54EE5F2E-143B-4156-8C60-B51510AC5F0C}
		{2FA0CC8D-539A-4666-AC12-1DA249DFAF3E} = {89EB6325-C4B8-4EA7-B02E-7E7FA4149086}
	EndGlobalSection
	GlobalSection(ExtensibilityGlobals) = postSolution
		SolutionGuid = {97132996-ACD6-49C3-B288-CB310A0DA717}
	EndGlobalSection
EndGlobal
